// !$*UTF8*$!
{
	archiveVersion = 1;
	classes = {
	};
	objectVersion = 50;
	objects = {

/* Begin PBXBuildFile section */
		B7D31506221F0B7A006BE97B /* AppDelegate.swift in Sources */ = {isa = PBXBuildFile; fileRef = B7D31505221F0B7A006BE97B /* AppDelegate.swift */; };
		B7D31508221F0B7A006BE97B /* ViewController.swift in Sources */ = {isa = PBXBuildFile; fileRef = B7D31507221F0B7A006BE97B /* ViewController.swift */; };
		B7D3150B221F0B7A006BE97B /* Main.storyboard in Resources */ = {isa = PBXBuildFile; fileRef = B7D31509221F0B7A006BE97B /* Main.storyboard */; };
		B7D3150D221F0B7B006BE97B /* Assets.xcassets in Resources */ = {isa = PBXBuildFile; fileRef = B7D3150C221F0B7B006BE97B /* Assets.xcassets */; };
		B7D31510221F0B7B006BE97B /* LaunchScreen.storyboard in Resources */ = {isa = PBXBuildFile; fileRef = B7D3150E221F0B7B006BE97B /* LaunchScreen.storyboard */; };
		B7D3151B221F0B7B006BE97B /* In_Class_Bunny_HopTests.swift in Sources */ = {isa = PBXBuildFile; fileRef = B7D3151A221F0B7B006BE97B /* In_Class_Bunny_HopTests.swift */; };
		B7D31526221F0B7B006BE97B /* In_Class_Bunny_HopUITests.swift in Sources */ = {isa = PBXBuildFile; fileRef = B7D31525221F0B7B006BE97B /* In_Class_Bunny_HopUITests.swift */; };
/* End PBXBuildFile section */

/* Begin PBXContainerItemProxy section */
		B7D31517221F0B7B006BE97B /* PBXContainerItemProxy */ = {
			isa = PBXContainerItemProxy;
			containerPortal = B7D314FA221F0B7A006BE97B /* Project object */;
			proxyType = 1;
			remoteGlobalIDString = B7D31501221F0B7A006BE97B;
			remoteInfo = "In Class Bunny Hop";
		};
		B7D31522221F0B7B006BE97B /* PBXContainerItemProxy */ = {
			isa = PBXContainerItemProxy;
			containerPortal = B7D314FA221F0B7A006BE97B /* Project object */;
			proxyType = 1;
			remoteGlobalIDString = B7D31501221F0B7A006BE97B;
			remoteInfo = "In Class Bunny Hop";
		};
/* End PBXContainerItemProxy section */

/* Begin PBXFileReference section */
		0E44EFD12417E652002238C9 /* spongebob.png */ = {isa = PBXFileReference; lastKnownFileType = image.png; path = spongebob.png; sourceTree = "<group>"; };
		0E44EFD22417E6F8002238C9 /* football.jpg */ = {isa = PBXFileReference; lastKnownFileType = image.jpeg; path = football.jpg; sourceTree = "<group>"; };
		0E44EFD32417E6F8002238C9 /* baseball.jpg */ = {isa = PBXFileReference; lastKnownFileType = image.jpeg; path = baseball.jpg; sourceTree = "<group>"; };
		0E44EFD42417E6F9002238C9 /* 1200px-Soccerball.svg.png */ = {isa = PBXFileReference; lastKnownFileType = image.png; path = "1200px-Soccerball.svg.png"; sourceTree = "<group>"; };
		0E44EFD52417E6F9002238C9 /* dodgeball.png */ = {isa = PBXFileReference; lastKnownFileType = image.png; path = dodgeball.png; sourceTree = "<group>"; };
		0E44EFD62417E6F9002238C9 /* 16WILUJTVLTNXXXXXBKB.jpeg */ = {isa = PBXFileReference; lastKnownFileType = image.jpeg; path = 16WILUJTVLTNXXXXXBKB.jpeg; sourceTree = "<group>"; };
		0E44EFD72417E719002238C9 /* tennisball.jpeg */ = {isa = PBXFileReference; lastKnownFileType = image.jpeg; path = tennisball.jpeg; sourceTree = "<group>"; };
		0E44EFD82417E719002238C9 /* volleyball.jpg */ = {isa = PBXFileReference; lastKnownFileType = image.jpeg; path = volleyball.jpg; sourceTree = "<group>"; };
		0E44EFD92417E829002238C9 /* laptop.jpeg */ = {isa = PBXFileReference; lastKnownFileType = image.jpeg; path = laptop.jpeg; sourceTree = "<group>"; };
		B7D31502221F0B7A006BE97B /* In Class Bunny Hop.app */ = {isa = PBXFileReference; explicitFileType = wrapper.application; includeInIndex = 0; path = "In Class Bunny Hop.app"; sourceTree = BUILT_PRODUCTS_DIR; };
		B7D31505221F0B7A006BE97B /* AppDelegate.swift */ = {isa = PBXFileReference; lastKnownFileType = sourcecode.swift; path = AppDelegate.swift; sourceTree = "<group>"; };
		B7D31507221F0B7A006BE97B /* ViewController.swift */ = {isa = PBXFileReference; lastKnownFileType = sourcecode.swift; path = ViewController.swift; sourceTree = "<group>"; };
		B7D3150A221F0B7A006BE97B /* Base */ = {isa = PBXFileReference; lastKnownFileType = file.storyboard; name = Base; path = Base.lproj/Main.storyboard; sourceTree = "<group>"; };
		B7D3150C221F0B7B006BE97B /* Assets.xcassets */ = {isa = PBXFileReference; lastKnownFileType = folder.assetcatalog; path = Assets.xcassets; sourceTree = "<group>"; };
		B7D3150F221F0B7B006BE97B /* Base */ = {isa = PBXFileReference; lastKnownFileType = file.storyboard; name = Base; path = Base.lproj/LaunchScreen.storyboard; sourceTree = "<group>"; };
		B7D31511221F0B7B006BE97B /* Info.plist */ = {isa = PBXFileReference; lastKnownFileType = text.plist.xml; path = Info.plist; sourceTree = "<group>"; };
		B7D31516221F0B7B006BE97B /* In Class Bunny HopTests.xctest */ = {isa = PBXFileReference; explicitFileType = wrapper.cfbundle; includeInIndex = 0; path = "In Class Bunny HopTests.xctest"; sourceTree = BUILT_PRODUCTS_DIR; };
		B7D3151A221F0B7B006BE97B /* In_Class_Bunny_HopTests.swift */ = {isa = PBXFileReference; lastKnownFileType = sourcecode.swift; path = In_Class_Bunny_HopTests.swift; sourceTree = "<group>"; };
		B7D3151C221F0B7B006BE97B /* Info.plist */ = {isa = PBXFileReference; lastKnownFileType = text.plist.xml; path = Info.plist; sourceTree = "<group>"; };
		B7D31521221F0B7B006BE97B /* In Class Bunny HopUITests.xctest */ = {isa = PBXFileReference; explicitFileType = wrapper.cfbundle; includeInIndex = 0; path = "In Class Bunny HopUITests.xctest"; sourceTree = BUILT_PRODUCTS_DIR; };
		B7D31525221F0B7B006BE97B /* In_Class_Bunny_HopUITests.swift */ = {isa = PBXFileReference; lastKnownFileType = sourcecode.swift; path = In_Class_Bunny_HopUITests.swift; sourceTree = "<group>"; };
		B7D31527221F0B7B006BE97B /* Info.plist */ = {isa = PBXFileReference; lastKnownFileType = text.plist.xml; path = Info.plist; sourceTree = "<group>"; };
/* End PBXFileReference section */

/* Begin PBXFrameworksBuildPhase section */
		B7D314FF221F0B7A006BE97B /* Frameworks */ = {
			isa = PBXFrameworksBuildPhase;
			buildActionMask = 2147483647;
			files = (
			);
			runOnlyForDeploymentPostprocessing = 0;
		};
		B7D31513221F0B7B006BE97B /* Frameworks */ = {
			isa = PBXFrameworksBuildPhase;
			buildActionMask = 2147483647;
			files = (
			);
			runOnlyForDeploymentPostprocessing = 0;
		};
		B7D3151E221F0B7B006BE97B /* Frameworks */ = {
			isa = PBXFrameworksBuildPhase;
			buildActionMask = 2147483647;
			files = (
			);
			runOnlyForDeploymentPostprocessing = 0;
		};
/* End PBXFrameworksBuildPhase section */

/* Begin PBXGroup section */
		B7D314F9221F0B7A006BE97B = {
			isa = PBXGroup;
			children = (
				B7D31504221F0B7A006BE97B /* In Class Bunny Hop */,
				B7D31519221F0B7B006BE97B /* In Class Bunny HopTests */,
				B7D31524221F0B7B006BE97B /* In Class Bunny HopUITests */,
				B7D31503221F0B7A006BE97B /* Products */,
				0E44EFD12417E652002238C9 /* spongebob.png */,
				0E44EFD62417E6F9002238C9 /* 16WILUJTVLTNXXXXXBKB.jpeg */,
				0E44EFD42417E6F9002238C9 /* 1200px-Soccerball.svg.png */,
				0E44EFD32417E6F8002238C9 /* baseball.jpg */,
				0E44EFD52417E6F9002238C9 /* dodgeball.png */,
				0E44EFD22417E6F8002238C9 /* football.jpg */,
				0E44EFD72417E719002238C9 /* tennisball.jpeg */,
				0E44EFD82417E719002238C9 /* volleyball.jpg */,
				0E44EFD92417E829002238C9 /* laptop.jpeg */,
			);
			sourceTree = "<group>";
		};
		B7D31503221F0B7A006BE97B /* Products */ = {
			isa = PBXGroup;
			children = (
				B7D31502221F0B7A006BE97B /* In Class Bunny Hop.app */,
				B7D31516221F0B7B006BE97B /* In Class Bunny HopTests.xctest */,
				B7D31521221F0B7B006BE97B /* In Class Bunny HopUITests.xctest */,
			);
			name = Products;
			sourceTree = "<group>";
		};
		B7D31504221F0B7A006BE97B /* In Class Bunny Hop */ = {
			isa = PBXGroup;
			children = (
				B7D31505221F0B7A006BE97B /* AppDelegate.swift */,
				B7D31507221F0B7A006BE97B /* ViewController.swift */,
				B7D31509221F0B7A006BE97B /* Main.storyboard */,
				B7D3150C221F0B7B006BE97B /* Assets.xcassets */,
				B7D3150E221F0B7B006BE97B /* LaunchScreen.storyboard */,
				B7D31511221F0B7B006BE97B /* Info.plist */,
			);
			path = "In Class Bunny Hop";
			sourceTree = "<group>";
		};
		B7D31519221F0B7B006BE97B /* In Class Bunny HopTests */ = {
			isa = PBXGroup;
			children = (
				B7D3151A221F0B7B006BE97B /* In_Class_Bunny_HopTests.swift */,
				B7D3151C221F0B7B006BE97B /* Info.plist */,
			);
			path = "In Class Bunny HopTests";
			sourceTree = "<group>";
		};
		B7D31524221F0B7B006BE97B /* In Class Bunny HopUITests */ = {
			isa = PBXGroup;
			children = (
				B7D31525221F0B7B006BE97B /* In_Class_Bunny_HopUITests.swift */,
				B7D31527221F0B7B006BE97B /* Info.plist */,
			);
			path = "In Class Bunny HopUITests";
			sourceTree = "<group>";
		};
/* End PBXGroup section */

/* Begin PBXNativeTarget section */
		B7D31501221F0B7A006BE97B /* In Class Bunny Hop */ = {
			isa = PBXNativeTarget;
			buildConfigurationList = B7D3152A221F0B7B006BE97B /* Build configuration list for PBXNativeTarget "In Class Bunny Hop" */;
			buildPhases = (
				B7D314FE221F0B7A006BE97B /* Sources */,
				B7D314FF221F0B7A006BE97B /* Frameworks */,
				B7D31500221F0B7A006BE97B /* Resources */,
			);
			buildRules = (
			);
			dependencies = (
			);
			name = "In Class Bunny Hop";
			productName = "In Class Bunny Hop";
			productReference = B7D31502221F0B7A006BE97B /* In Class Bunny Hop.app */;
			productType = "com.apple.product-type.application";
		};
		B7D31515221F0B7B006BE97B /* In Class Bunny HopTests */ = {
			isa = PBXNativeTarget;
			buildConfigurationList = B7D3152D221F0B7B006BE97B /* Build configuration list for PBXNativeTarget "In Class Bunny HopTests" */;
			buildPhases = (
				B7D31512221F0B7B006BE97B /* Sources */,
				B7D31513221F0B7B006BE97B /* Frameworks */,
				B7D31514221F0B7B006BE97B /* Resources */,
			);
			buildRules = (
			);
			dependencies = (
				B7D31518221F0B7B006BE97B /* PBXTargetDependency */,
			);
			name = "In Class Bunny HopTests";
			productName = "In Class Bunny HopTests";
			productReference = B7D31516221F0B7B006BE97B /* In Class Bunny HopTests.xctest */;
			productType = "com.apple.product-type.bundle.unit-test";
		};
		B7D31520221F0B7B006BE97B /* In Class Bunny HopUITests */ = {
			isa = PBXNativeTarget;
			buildConfigurationList = B7D31530221F0B7B006BE97B /* Build configuration list for PBXNativeTarget "In Class Bunny HopUITests" */;
			buildPhases = (
				B7D3151D221F0B7B006BE97B /* Sources */,
				B7D3151E221F0B7B006BE97B /* Frameworks */,
				B7D3151F221F0B7B006BE97B /* Resources */,
			);
			buildRules = (
			);
			dependencies = (
				B7D31523221F0B7B006BE97B /* PBXTargetDependency */,
			);
			name = "In Class Bunny HopUITests";
			productName = "In Class Bunny HopUITests";
			productReference = B7D31521221F0B7B006BE97B /* In Class Bunny HopUITests.xctest */;
			productType = "com.apple.product-type.bundle.ui-testing";
		};
/* End PBXNativeTarget section */

/* Begin PBXProject section */
		B7D314FA221F0B7A006BE97B /* Project object */ = {
			isa = PBXProject;
			attributes = {
				LastSwiftUpdateCheck = 1010;
				LastUpgradeCheck = 1010;
				ORGANIZATIONNAME = "Brad D. Messner";
				TargetAttributes = {
					B7D31501221F0B7A006BE97B = {
						CreatedOnToolsVersion = 10.1;
					};
					B7D31515221F0B7B006BE97B = {
						CreatedOnToolsVersion = 10.1;
						TestTargetID = B7D31501221F0B7A006BE97B;
					};
					B7D31520221F0B7B006BE97B = {
						CreatedOnToolsVersion = 10.1;
						TestTargetID = B7D31501221F0B7A006BE97B;
					};
				};
			};
			buildConfigurationList = B7D314FD221F0B7A006BE97B /* Build configuration list for PBXProject "In Class Bunny Hop" */;
			compatibilityVersion = "Xcode 9.3";
			developmentRegion = en;
			hasScannedForEncodings = 0;
			knownRegions = (
				en,
				Base,
			);
			mainGroup = B7D314F9221F0B7A006BE97B;
			productRefGroup = B7D31503221F0B7A006BE97B /* Products */;
			projectDirPath = "";
			projectRoot = "";
			targets = (
				B7D31501221F0B7A006BE97B /* In Class Bunny Hop */,
				B7D31515221F0B7B006BE97B /* In Class Bunny HopTests */,
				B7D31520221F0B7B006BE97B /* In Class Bunny HopUITests */,
			);
		};
/* End PBXProject section */

/* Begin PBXResourcesBuildPhase section */
		B7D31500221F0B7A006BE97B /* Resources */ = {
			isa = PBXResourcesBuildPhase;
			buildActionMask = 2147483647;
			files = (
				B7D31510221F0B7B006BE97B /* LaunchScreen.storyboard in Resources */,
				B7D3150D221F0B7B006BE97B /* Assets.xcassets in Resources */,
				B7D3150B221F0B7A006BE97B /* Main.storyboard in Resources */,
			);
			runOnlyForDeploymentPostprocessing = 0;
		};
		B7D31514221F0B7B006BE97B /* Resources */ = {
			isa = PBXResourcesBuildPhase;
			buildActionMask = 2147483647;
			files = (
			);
			runOnlyForDeploymentPostprocessing = 0;
		};
		B7D3151F221F0B7B006BE97B /* Resources */ = {
			isa = PBXResourcesBuildPhase;
			buildActionMask = 2147483647;
			files = (
			);
			runOnlyForDeploymentPostprocessing = 0;
		};
/* End PBXResourcesBuildPhase section */

/* Begin PBXSourcesBuildPhase section */
		B7D314FE221F0B7A006BE97B /* Sources */ = {
			isa = PBXSourcesBuildPhase;
			buildActionMask = 2147483647;
			files = (
				B7D31508221F0B7A006BE97B /* ViewController.swift in Sources */,
				B7D31506221F0B7A006BE97B /* AppDelegate.swift in Sources */,
			);
			runOnlyForDeploymentPostprocessing = 0;
		};
		B7D31512221F0B7B006BE97B /* Sources */ = {
			isa = PBXSourcesBuildPhase;
			buildActionMask = 2147483647;
			files = (
				B7D3151B221F0B7B006BE97B /* In_Class_Bunny_HopTests.swift in Sources */,
			);
			runOnlyForDeploymentPostprocessing = 0;
		};
		B7D3151D221F0B7B006BE97B /* Sources */ = {
			isa = PBXSourcesBuildPhase;
			buildActionMask = 2147483647;
			files = (
				B7D31526221F0B7B006BE97B /* In_Class_Bunny_HopUITests.swift in Sources */,
			);
			runOnlyForDeploymentPostprocessing = 0;
		};
/* End PBXSourcesBuildPhase section */

/* Begin PBXTargetDependency section */
		B7D31518221F0B7B006BE97B /* PBXTargetDependency */ = {
			isa = PBXTargetDependency;
			target = B7D31501221F0B7A006BE97B /* In Class Bunny Hop */;
			targetProxy = B7D31517221F0B7B006BE97B /* PBXContainerItemProxy */;
		};
		B7D31523221F0B7B006BE97B /* PBXTargetDependency */ = {
			isa = PBXTargetDependency;
			target = B7D31501221F0B7A006BE97B /* In Class Bunny Hop */;
			targetProxy = B7D31522221F0B7B006BE97B /* PBXContainerItemProxy */;
		};
/* End PBXTargetDependency section */

/* Begin PBXVariantGroup section */
		B7D31509221F0B7A006BE97B /* Main.storyboard */ = {
			isa = PBXVariantGroup;
			children = (
				B7D3150A221F0B7A006BE97B /* Base */,
			);
			name = Main.storyboard;
			sourceTree = "<group>";
		};
		B7D3150E221F0B7B006BE97B /* LaunchScreen.storyboard */ = {
			isa = PBXVariantGroup;
			children = (
				B7D3150F221F0B7B006BE97B /* Base */,
			);
			name = LaunchScreen.storyboard;
			sourceTree = "<group>";
		};
/* End PBXVariantGroup section */

/* Begin XCBuildConfiguration section */
		B7D31528221F0B7B006BE97B /* Debug */ = {
			isa = XCBuildConfiguration;
			buildSettings = {
				ALWAYS_SEARCH_USER_PATHS = NO;
				CLANG_ANALYZER_NONNULL = YES;
				CLANG_ANALYZER_NUMBER_OBJECT_CONVERSION = YES_AGGRESSIVE;
				CLANG_CXX_LANGUAGE_STANDARD = "gnu++14";
				CLANG_CXX_LIBRARY = "libc++";
				CLANG_ENABLE_MODULES = YES;
				CLANG_ENABLE_OBJC_ARC = YES;
				CLANG_ENABLE_OBJC_WEAK = YES;
				CLANG_WARN_BLOCK_CAPTURE_AUTORELEASING = YES;
				CLANG_WARN_BOOL_CONVERSION = YES;
				CLANG_WARN_COMMA = YES;
				CLANG_WARN_CONSTANT_CONVERSION = YES;
				CLANG_WARN_DEPRECATED_OBJC_IMPLEMENTATIONS = YES;
				CLANG_WARN_DIRECT_OBJC_ISA_USAGE = YES_ERROR;
				CLANG_WARN_DOCUMENTATION_COMMENTS = YES;
				CLANG_WARN_EMPTY_BODY = YES;
				CLANG_WARN_ENUM_CONVERSION = YES;
				CLANG_WARN_INFINITE_RECURSION = YES;
				CLANG_WARN_INT_CONVERSION = YES;
				CLANG_WARN_NON_LITERAL_NULL_CONVERSION = YES;
				CLANG_WARN_OBJC_IMPLICIT_RETAIN_SELF = YES;
				CLANG_WARN_OBJC_LITERAL_CONVERSION = YES;
				CLANG_WARN_OBJC_ROOT_CLASS = YES_ERROR;
				CLANG_WARN_RANGE_LOOP_ANALYSIS = YES;
				CLANG_WARN_STRICT_PROTOTYPES = YES;
				CLANG_WARN_SUSPICIOUS_MOVE = YES;
				CLANG_WARN_UNGUARDED_AVAILABILITY = YES_AGGRESSIVE;
				CLANG_WARN_UNREACHABLE_CODE = YES;
				CLANG_WARN__DUPLICATE_METHOD_MATCH = YES;
				CODE_SIGN_IDENTITY = "iPhone Developer";
				COPY_PHASE_STRIP = NO;
				DEBUG_INFORMATION_FORMAT = dwarf;
				ENABLE_STRICT_OBJC_MSGSEND = YES;
				ENABLE_TESTABILITY = YES;
				GCC_C_LANGUAGE_STANDARD = gnu11;
				GCC_DYNAMIC_NO_PIC = NO;
				GCC_NO_COMMON_BLOCKS = YES;
				GCC_OPTIMIZATION_LEVEL = 0;
				GCC_PREPROCESSOR_DEFINITIONS = (
					"DEBUG=1",
					"$(inherited)",
				);
				GCC_WARN_64_TO_32_BIT_CONVERSION = YES;
				GCC_WARN_ABOUT_RETURN_TYPE = YES_ERROR;
				GCC_WARN_UNDECLARED_SELECTOR = YES;
				GCC_WARN_UNINITIALIZED_AUTOS = YES_AGGRESSIVE;
				GCC_WARN_UNUSED_FUNCTION = YES;
				GCC_WARN_UNUSED_VARIABLE = YES;
				IPHONEOS_DEPLOYMENT_TARGET = 12.1;
				MTL_ENABLE_DEBUG_INFO = INCLUDE_SOURCE;
				MTL_FAST_MATH = YES;
				ONLY_ACTIVE_ARCH = YES;
				SDKROOT = iphoneos;
				SWIFT_ACTIVE_COMPILATION_CONDITIONS = DEBUG;
				SWIFT_OPTIMIZATION_LEVEL = "-Onone";
			};
			name = Debug;
		};
		B7D31529221F0B7B006BE97B /* Release */ = {
			isa = XCBuildConfiguration;
			buildSettings = {
				ALWAYS_SEARCH_USER_PATHS = NO;
				CLANG_ANALYZER_NONNULL = YES;
				CLANG_ANALYZER_NUMBER_OBJECT_CONVERSION = YES_AGGRESSIVE;
				CLANG_CXX_LANGUAGE_STANDARD = "gnu++14";
				CLANG_CXX_LIBRARY = "libc++";
				CLANG_ENABLE_MODULES = YES;
				CLANG_ENABLE_OBJC_ARC = YES;
				CLANG_ENABLE_OBJC_WEAK = YES;
				CLANG_WARN_BLOCK_CAPTURE_AUTORELEASING = YES;
				CLANG_WARN_BOOL_CONVERSION = YES;
				CLANG_WARN_COMMA = YES;
				CLANG_WARN_CONSTANT_CONVERSION = YES;
				CLANG_WARN_DEPRECATED_OBJC_IMPLEMENTATIONS = YES;
				CLANG_WARN_DIRECT_OBJC_ISA_USAGE = YES_ERROR;
				CLANG_WARN_DOCUMENTATION_COMMENTS = YES;
				CLANG_WARN_EMPTY_BODY = YES;
				CLANG_WARN_ENUM_CONVERSION = YES;
				CLANG_WARN_INFINITE_RECURSION = YES;
				CLANG_WARN_INT_CONVERSION = YES;
				CLANG_WARN_NON_LITERAL_NULL_CONVERSION = YES;
				CLANG_WARN_OBJC_IMPLICIT_RETAIN_SELF = YES;
				CLANG_WARN_OBJC_LITERAL_CONVERSION = YES;
				CLANG_WARN_OBJC_ROOT_CLASS = YES_ERROR;
				CLANG_WARN_RANGE_LOOP_ANALYSIS = YES;
				CLANG_WARN_STRICT_PROTOTYPES = YES;
				CLANG_WARN_SUSPICIOUS_MOVE = YES;
				CLANG_WARN_UNGUARDED_AVAILABILITY = YES_AGGRESSIVE;
				CLANG_WARN_UNREACHABLE_CODE = YES;
				CLANG_WARN__DUPLICATE_METHOD_MATCH = YES;
				CODE_SIGN_IDENTITY = "iPhone Developer";
				COPY_PHASE_STRIP = NO;
				DEBUG_INFORMATION_FORMAT = "dwarf-with-dsym";
				ENABLE_NS_ASSERTIONS = NO;
				ENABLE_STRICT_OBJC_MSGSEND = YES;
				GCC_C_LANGUAGE_STANDARD = gnu11;
				GCC_NO_COMMON_BLOCKS = YES;
				GCC_WARN_64_TO_32_BIT_CONVERSION = YES;
				GCC_WARN_ABOUT_RETURN_TYPE = YES_ERROR;
				GCC_WARN_UNDECLARED_SELECTOR = YES;
				GCC_WARN_UNINITIALIZED_AUTOS = YES_AGGRESSIVE;
				GCC_WARN_UNUSED_FUNCTION = YES;
				GCC_WARN_UNUSED_VARIABLE = YES;
				IPHONEOS_DEPLOYMENT_TARGET = 12.1;
				MTL_ENABLE_DEBUG_INFO = NO;
				MTL_FAST_MATH = YES;
				SDKROOT = iphoneos;
				SWIFT_COMPILATION_MODE = wholemodule;
				SWIFT_OPTIMIZATION_LEVEL = "-O";
				VALIDATE_PRODUCT = YES;
			};
			name = Release;
		};
		B7D3152B221F0B7B006BE97B /* Debug */ = {
			isa = XCBuildConfiguration;
			buildSettings = {
				ASSETCATALOG_COMPILER_APPICON_NAME = AppIcon;
				CODE_SIGN_IDENTITY = "Apple Development";
				CODE_SIGN_STYLE = Automatic;
				DEVELOPMENT_TEAM = 23RQHLD5WH;
				INFOPLIST_FILE = "In Class Bunny Hop/Info.plist";
				LD_RUNPATH_SEARCH_PATHS = (
					"$(inherited)",
					"@executable_path/Frameworks",
				);
				PRODUCT_BUNDLE_IDENTIFIER = obi.com.Inclass;
				PRODUCT_NAME = "$(TARGET_NAME)";
				PROVISIONING_PROFILE_SPECIFIER = "";
				SWIFT_VERSION = 4.2;
				TARGETED_DEVICE_FAMILY = "1,2";
			};
			name = Debug;
		};
		B7D3152C221F0B7B006BE97B /* Release */ = {
			isa = XCBuildConfiguration;
			buildSettings = {
				ASSETCATALOG_COMPILER_APPICON_NAME = AppIcon;
				CODE_SIGN_IDENTITY = "Apple Development";
				CODE_SIGN_STYLE = Automatic;
				DEVELOPMENT_TEAM = 23RQHLD5WH;
				INFOPLIST_FILE = "In Class Bunny Hop/Info.plist";
				LD_RUNPATH_SEARCH_PATHS = (
					"$(inherited)",
					"@executable_path/Frameworks",
				);
				PRODUCT_BUNDLE_IDENTIFIER = obi.com.Inclass;
				PRODUCT_NAME = "$(TARGET_NAME)";
				PROVISIONING_PROFILE_SPECIFIER = "";
				SWIFT_VERSION = 4.2;
				TARGETED_DEVICE_FAMILY = "1,2";
			};
			name = Release;
		};
		B7D3152E221F0B7B006BE97B /* Debug */ = {
			isa = XCBuildConfiguration;
			buildSettings = {
				ALWAYS_EMBED_SWIFT_STANDARD_LIBRARIES = YES;
				BUNDLE_LOADER = "$(TEST_HOST)";
				CODE_SIGN_STYLE = Automatic;
				INFOPLIST_FILE = "In Class Bunny HopTests/Info.plist";
				LD_RUNPATH_SEARCH_PATHS = (
					"$(inherited)",
					"@executable_path/Frameworks",
					"@loader_path/Frameworks",
				);
				PRODUCT_BUNDLE_IDENTIFIER = "bradmessner.com.In-Class-Bunny-HopTests";
				PRODUCT_NAME = "$(TARGET_NAME)";
				SWIFT_VERSION = 4.2;
				TARGETED_DEVICE_FAMILY = "1,2";
				TEST_HOST = "$(BUILT_PRODUCTS_DIR)/In Class Bunny Hop.app/In Class Bunny Hop";
			};
			name = Debug;
		};
		B7D3152F221F0B7B006BE97B /* Release */ = {
			isa = XCBuildConfiguration;
			buildSettings = {
				ALWAYS_EMBED_SWIFT_STANDARD_LIBRARIES = YES;
				BUNDLE_LOADER = "$(TEST_HOST)";
				CODE_SIGN_STYLE = Automatic;
				INFOPLIST_FILE = "In Class Bunny HopTests/Info.plist";
				LD_RUNPATH_SEARCH_PATHS = (
					"$(inherited)",
					"@executable_path/Frameworks",
					"@loader_path/Frameworks",
				);
				PRODUCT_BUNDLE_IDENTIFIER = "bradmessner.com.In-Class-Bunny-HopTests";
				PRODUCT_NAME = "$(TARGET_NAME)";
				SWIFT_VERSION = 4.2;
				TARGETED_DEVICE_FAMILY = "1,2";
				TEST_HOST = "$(BUILT_PRODUCTS_DIR)/In Class Bunny Hop.app/In Class Bunny Hop";
			};
			name = Release;
		};
		B7D31531221F0B7B006BE97B /* Debug */ = {
			isa = XCBuildConfiguration;
			buildSettings = {
				ALWAYS_EMBED_SWIFT_STANDARD_LIBRARIES = YES;
				CODE_SIGN_STYLE = Automatic;
				INFOPLIST_FILE = "In Class Bunny HopUITests/Info.plist";
				LD_RUNPATH_SEARCH_PATHS = (
					"$(inherited)",
					"@executable_path/Frameworks",
					"@loader_path/Frameworks",
				);
				PRODUCT_BUNDLE_IDENTIFIER = "bradmessner.com.In-Class-Bunny-HopUITests";
				PRODUCT_NAME = "$(TARGET_NAME)";
				SWIFT_VERSION = 4.2;
				TARGETED_DEVICE_FAMILY = "1,2";
				TEST_TARGET_NAME = "In Class Bunny Hop";
			};
			name = Debug;
		};
		B7D31532221F0B7B006BE97B /* Release */ = {
			isa = XCBuildConfiguration;
			buildSettings = {
				ALWAYS_EMBED_SWIFT_STANDARD_LIBRARIES = YES;
				CODE_SIGN_STYLE = Automatic;
				INFOPLIST_FILE = "In Class Bunny HopUITests/Info.plist";
				LD_RUNPATH_SEARCH_PATHS = (
					"$(inherited)",
					"@executable_path/Frameworks",
					"@loader_path/Frameworks",
				);
				PRODUCT_BUNDLE_IDENTIFIER = "bradmessner.com.In-Class-Bunny-HopUITests";
				PRODUCT_NAME = "$(TARGET_NAME)";
				SWIFT_VERSION = 4.2;
				TARGETED_DEVICE_FAMILY = "1,2";
				TEST_TARGET_NAME = "In Class Bunny Hop";
			};
			name = Release;
		};
/* End XCBuildConfiguration section */

/* Begin XCConfigurationList section */
		B7D314FD221F0B7A006BE97B /* Build configuration list for PBXProject "In Class Bunny Hop" */ = {
			isa = XCConfigurationList;
			buildConfigurations = (
				B7D31528221F0B7B006BE97B /* Debug */,
				B7D31529221F0B7B006BE97B /* Release */,
			);
			defaultConfigurationIsVisible = 0;
			defaultConfigurationName = Release;
		};
		B7D3152A221F0B7B006BE97B /* Build configuration list for PBXNativeTarget "In Class Bunny Hop" */ = {
			isa = XCConfigurationList;
			buildConfigurations = (
				B7D3152B221F0B7B006BE97B /* Debug */,
				B7D3152C221F0B7B006BE97B /* Release */,
			);
			defaultConfigurationIsVisible = 0;
			defaultConfigurationName = Release;
		};
		B7D3152D221F0B7B006BE97B /* Build configuration list for PBXNativeTarget "In Class Bunny HopTests" */ = {
			isa = XCConfigurationList;
			buildConfigurations = (
				B7D3152E221F0B7B006BE97B /* Debug */,
				B7D3152F221F0B7B006BE97B /* Release */,
			);
			defaultConfigurationIsVisible = 0;
			defaultConfigurationName = Release;
		};
		B7D31530221F0B7B006BE97B /* Build configuration list for PBXNativeTarget "In Class Bunny HopUITests" */ = {
			isa = XCConfigurationList;
			buildConfigurations = (
				B7D31531221F0B7B006BE97B /* Debug */,
				B7D31532221F0B7B006BE97B /* Release */,
			);
			defaultConfigurationIsVisible = 0;
			defaultConfigurationName = Release;
		};
/* End XCConfigurationList section */
	};
	rootObject = B7D314FA221F0B7A006BE97B /* Project object */;
}
